
Microsoft Visual Studio Solution File, Format Version 12.00
# Visual Studio Version 16
VisualStudioVersion = 16.0.29709.97
MinimumVisualStudioVersion = 10.0.40219.1
Project("{FAE04EC0-301F-11D3-BF4B-00C04F79EFBC}") = "MethodName", "MethodName.csproj", "{D16AEA30-B5E9-42E8-A1FE-C790E6055EFD}"
EndProject
Global
	GlobalSection(SolutionConfigurationPlatforms) = preSolution
		Debug|Any CPU = Debug|Any CPU
		Release|Any CPU = Release|Any CPU
	EndGlobalSection
	GlobalSection(ProjectConfigurationPlatforms) = postSolution
		{D16AEA30-B5E9-42E8-A1FE-C790E6055EFD}.Debug|Any CPU.ActiveCfg = Debug|Any CPU
		{D16AEA30-B5E9-42E8-A1FE-C790E6055EFD}.Debug|Any CPU.Build.0 = Debug|Any CPU
		{D16AEA30-B5E9-42E8-A1FE-C790E6055EFD}.Release|Any CPU.ActiveCfg = Release|Any CPU
		{D16AEA30-B5E9-42E8-A1FE-C790E6055EFD}.Release|Any CPU.Build.0 = Release|Any CPU
	EndGlobalSection
	GlobalSection(SolutionProperties) = preSolution
		HideSolutionNode = FALSE
	EndGlobalSection
	GlobalSection(ExtensibilityGlobals) = postSolution
		SolutionGuid = {E7F22D79-A2B6-44ED-A607-04F09B13A15D}
	EndGlobalSection
EndGlobal
